// !$*UTF8*$!
{
	archiveVersion = 1;
	classes = {
	};
	objectVersion = 46;
	objects = {

/* Begin PBXBuildFile section */
		F3451DDD1AE8115600CD6D1F /* main.m in Sources */ = {isa = PBXBuildFile; fileRef = F3451DDC1AE8115600CD6D1F /* main.m */; };
		F3451DE01AE8115600CD6D1F /* AppDelegate.m in Sources */ = {isa = PBXBuildFile; fileRef = F3451DDF1AE8115600CD6D1F /* AppDelegate.m */; };
		F3451DE31AE8115600CD6D1F /* ViewController.m in Sources */ = {isa = PBXBuildFile; fileRef = F3451DE21AE8115600CD6D1F /* ViewController.m */; };
		F3451DE61AE8115600CD6D1F /* Main.storyboard in Resources */ = {isa = PBXBuildFile; fileRef = F3451DE41AE8115600CD6D1F /* Main.storyboard */; };
		F3451DE81AE8115600CD6D1F /* Images.xcassets in Resources */ = {isa = PBXBuildFile; fileRef = F3451DE71AE8115600CD6D1F /* Images.xcassets */; };
		F3451DEB1AE8115700CD6D1F /* LaunchScreen.xib in Resources */ = {isa = PBXBuildFile; fileRef = F3451DE91AE8115700CD6D1F /* LaunchScreen.xib */; };
		F3451DF71AE8115700CD6D1F /* _9_HumanFaceTests.m in Sources */ = {isa = PBXBuildFile; fileRef = F3451DF61AE8115700CD6D1F /* _9_HumanFaceTests.m */; };
/* End PBXBuildFile section */

/* Begin PBXContainerItemProxy section */
		F3451DF11AE8115700CD6D1F /* PBXContainerItemProxy */ = {
			isa = PBXContainerItemProxy;
			containerPortal = F3451DCF1AE8115600CD6D1F /* Project object */;
			proxyType = 1;
			remoteGlobalIDString = F3451DD61AE8115600CD6D1F;
			remoteInfo = 09.HumanFace;
		};
/* End PBXContainerItemProxy section */

/* Begin PBXFileReference section */
		F3451DD71AE8115600CD6D1F /* 09.HumanFace.app */ = {isa = PBXFileReference; explicitFileType = wrapper.application; includeInIndex = 0; path = 09.HumanFace.app; sourceTree = BUILT_PRODUCTS_DIR; };
		F3451DDB1AE8115600CD6D1F /* Info.plist */ = {isa = PBXFileReference; lastKnownFileType = text.plist.xml; path = Info.plist; sourceTree = "<group>"; };
		F3451DDC1AE8115600CD6D1F /* main.m */ = {isa = PBXFileReference; lastKnownFileType = sourcecode.c.objc; path = main.m; sourceTree = "<group>"; };
		F3451DDE1AE8115600CD6D1F /* AppDelegate.h */ = {isa = PBXFileReference; lastKnownFileType = sourcecode.c.h; path = AppDelegate.h; sourceTree = "<group>"; };
		F3451DDF1AE8115600CD6D1F /* AppDelegate.m */ = {isa = PBXFileReference; lastKnownFileType = sourcecode.c.objc; path = AppDelegate.m; sourceTree = "<group>"; };
		F3451DE11AE8115600CD6D1F /* ViewController.h */ = {isa = PBXFileReference; lastKnownFileType = sourcecode.c.h; path = ViewController.h; sourceTree = "<group>"; };
		F3451DE21AE8115600CD6D1F /* ViewController.m */ = {isa = PBXFileReference; lastKnownFileType = sourcecode.c.objc; path = ViewController.m; sourceTree = "<group>"; };
		F3451DE51AE8115600CD6D1F /* Base */ = {isa = PBXFileReference; lastKnownFileType = file.storyboard; name = Base; path = Base.lproj/Main.storyboard; sourceTree = "<group>"; };
		F3451DE71AE8115600CD6D1F /* Images.xcassets */ = {isa = PBXFileReference; lastKnownFileType = folder.assetcatalog; path = Images.xcassets; sourceTree = "<group>"; };
		F3451DEA1AE8115700CD6D1F /* Base */ = {isa = PBXFileReference; lastKnownFileType = file.xib; name = Base; path = Base.lproj/LaunchScreen.xib; sourceTree = "<group>"; };
		F3451DF01AE8115700CD6D1F /* 09.HumanFaceTests.xctest */ = {isa = PBXFileReference; explicitFileType = wrapper.cfbundle; includeInIndex = 0; path = 09.HumanFaceTests.xctest; sourceTree = BUILT_PRODUCTS_DIR; };
		F3451DF51AE8115700CD6D1F /* Info.plist */ = {isa = PBXFileReference; lastKnownFileType = text.plist.xml; path = Info.plist; sourceTree = "<group>"; };
		F3451DF61AE8115700CD6D1F /* _9_HumanFaceTests.m */ = {isa = PBXFileReference; lastKnownFileType = sourcecode.c.objc; path = _9_HumanFaceTests.m; sourceTree = "<group>"; };
/* End PBXFileReference section */

/* Begin PBXFrameworksBuildPhase section */
		F3451DD41AE8115600CD6D1F /* Frameworks */ = {
			isa = PBXFrameworksBuildPhase;
			buildActionMask = 2147483647;
			files = (
			);
			runOnlyForDeploymentPostprocessing = 0;
		};
		F3451DED1AE8115700CD6D1F /* Frameworks */ = {
			isa = PBXFrameworksBuildPhase;
			buildActionMask = 2147483647;
			files = (
			);
			runOnlyForDeploymentPostprocessing = 0;
		};
/* End PBXFrameworksBuildPhase section */

/* Begin PBXGroup section */
		F3451DCE1AE8115600CD6D1F = {
			isa = PBXGroup;
			children = (
				F3451DD91AE8115600CD6D1F /* 09.HumanFace */,
				F3451DF31AE8115700CD6D1F /* 09.HumanFaceTests */,
				F3451DD81AE8115600CD6D1F /* Products */,
			);
			sourceTree = "<group>";
		};
		F3451DD81AE8115600CD6D1F /* Products */ = {
			isa = PBXGroup;
			children = (
				F3451DD71AE8115600CD6D1F /* 09.HumanFace.app */,
				F3451DF01AE8115700CD6D1F /* 09.HumanFaceTests.xctest */,
			);
			name = Products;
			sourceTree = "<group>";
		};
		F3451DD91AE8115600CD6D1F /* 09.HumanFace */ = {
			isa = PBXGroup;
			children = (
				F3451DDE1AE8115600CD6D1F /* AppDelegate.h */,
				F3451DDF1AE8115600CD6D1F /* AppDelegate.m */,
				F3451DE11AE8115600CD6D1F /* ViewController.h */,
				F3451DE21AE8115600CD6D1F /* ViewController.m */,
				F3451DE41AE8115600CD6D1F /* Main.storyboard */,
				F3451DE71AE8115600CD6D1F /* Images.xcassets */,
				F3451DE91AE8115700CD6D1F /* LaunchScreen.xib */,
				F3451DDA1AE8115600CD6D1F /* Supporting Files */,
			);
			path = 09.HumanFace;
			sourceTree = "<group>";
		};
		F3451DDA1AE8115600CD6D1F /* Supporting Files */ = {
			isa = PBXGroup;
			children = (
				F3451DDB1AE8115600CD6D1F /* Info.plist */,
				F3451DDC1AE8115600CD6D1F /* main.m */,
			);
			name = "Supporting Files";
			sourceTree = "<group>";
		};
		F3451DF31AE8115700CD6D1F /* 09.HumanFaceTests */ = {
			isa = PBXGroup;
			children = (
				F3451DF61AE8115700CD6D1F /* _9_HumanFaceTests.m */,
				F3451DF41AE8115700CD6D1F /* Supporting Files */,
			);
			path = 09.HumanFaceTests;
			sourceTree = "<group>";
		};
		F3451DF41AE8115700CD6D1F /* Supporting Files */ = {
			isa = PBXGroup;
			children = (
				F3451DF51AE8115700CD6D1F /* Info.plist */,
			);
			name = "Supporting Files";
			sourceTree = "<group>";
		};
/* End PBXGroup section */

/* Begin PBXNativeTarget section */
		F3451DD61AE8115600CD6D1F /* 09.HumanFace */ = {
			isa = PBXNativeTarget;
			buildConfigurationList = F3451DFA1AE8115700CD6D1F /* Build configuration list for PBXNativeTarget "09.HumanFace" */;
			buildPhases = (
				F3451DD31AE8115600CD6D1F /* Sources */,
				F3451DD41AE8115600CD6D1F /* Frameworks */,
				F3451DD51AE8115600CD6D1F /* Resources */,
			);
			buildRules = (
			);
			dependencies = (
			);
			name = 09.HumanFace;
			productName = 09.HumanFace;
			productReference = F3451DD71AE8115600CD6D1F /* 09.HumanFace.app */;
			productType = "com.apple.product-type.application";
		};
		F3451DEF1AE8115700CD6D1F /* 09.HumanFaceTests */ = {
			isa = PBXNativeTarget;
			buildConfigurationList = F3451DFD1AE8115700CD6D1F /* Build configuration list for PBXNativeTarget "09.HumanFaceTests" */;
			buildPhases = (
				F3451DEC1AE8115700CD6D1F /* Sources */,
				F3451DED1AE8115700CD6D1F /* Frameworks */,
				F3451DEE1AE8115700CD6D1F /* Resources */,
			);
			buildRules = (
			);
			dependencies = (
				F3451DF21AE8115700CD6D1F /* PBXTargetDependency */,
			);
			name = 09.HumanFaceTests;
			productName = 09.HumanFaceTests;
			productReference = F3451DF01AE8115700CD6D1F /* 09.HumanFaceTests.xctest */;
			productType = "com.apple.product-type.bundle.unit-test";
		};
/* End PBXNativeTarget section */

/* Begin PBXProject section */
		F3451DCF1AE8115600CD6D1F /* Project object */ = {
			isa = PBXProject;
			attributes = {
				LastUpgradeCheck = 0620;
				ORGANIZATIONNAME = Mihaylov;
				TargetAttributes = {
					F3451DD61AE8115600CD6D1F = {
						CreatedOnToolsVersion = 6.2;
					};
					F3451DEF1AE8115700CD6D1F = {
						CreatedOnToolsVersion = 6.2;
						TestTargetID = F3451DD61AE8115600CD6D1F;
					};
				};
			};
			buildConfigurationList = F3451DD21AE8115600CD6D1F /* Build configuration list for PBXProject "09.HumanFace" */;
			compatibilityVersion = "Xcode 3.2";
			developmentRegion = English;
			hasScannedForEncodings = 0;
			knownRegions = (
				en,
				Base,
			);
			mainGroup = F3451DCE1AE8115600CD6D1F;
			productRefGroup = F3451DD81AE8115600CD6D1F /* Products */;
			projectDirPath = "";
			projectRoot = "";
			targets = (
				F3451DD61AE8115600CD6D1F /* 09.HumanFace */,
				F3451DEF1AE8115700CD6D1F /* 09.HumanFaceTests */,
			);
		};
/* End PBXProject section */

/* Begin PBXResourcesBuildPhase section */
		F3451DD51AE8115600CD6D1F /* Resources */ = {
			isa = PBXResourcesBuildPhase;
			buildActionMask = 2147483647;
			files = (
				F3451DE61AE8115600CD6D1F /* Main.storyboard in Resources */,
				F3451DEB1AE8115700CD6D1F /* LaunchScreen.xib in Resources */,
				F3451DE81AE8115600CD6D1F /* Images.xcassets in Resources */,
			);
			runOnlyForDeploymentPostprocessing = 0;
		};
		F3451DEE1AE8115700CD6D1F /* Resources */ = {
			isa = PBXResourcesBuildPhase;
			buildActionMask = 2147483647;
			files = (
			);
			runOnlyForDeploymentPostprocessing = 0;
		};
/* End PBXResourcesBuildPhase section */

/* Begin PBXSourcesBuildPhase section */
		F3451DD31AE8115600CD6D1F /* Sources */ = {
			isa = PBXSourcesBuildPhase;
			buildActionMask = 2147483647;
			files = (
				F3451DE31AE8115600CD6D1F /* ViewController.m in Sources */,
				F3451DE01AE8115600CD6D1F /* AppDelegate.m in Sources */,
				F3451DDD1AE8115600CD6D1F /* main.m in Sources */,
			);
			runOnlyForDeploymentPostprocessing = 0;
		};
		F3451DEC1AE8115700CD6D1F /* Sources */ = {
			isa = PBXSourcesBuildPhase;
			buildActionMask = 2147483647;
			files = (
				F3451DF71AE8115700CD6D1F /* _9_HumanFaceTests.m in Sources */,
			);
			runOnlyForDeploymentPostprocessing = 0;
		};
/* End PBXSourcesBuildPhase section */

/* Begin PBXTargetDependency section */
		F3451DF21AE8115700CD6D1F /* PBXTargetDependency */ = {
			isa = PBXTargetDependency;
			target = F3451DD61AE8115600CD6D1F /* 09.HumanFace */;
			targetProxy = F3451DF11AE8115700CD6D1F /* PBXContainerItemProxy */;
		};
/* End PBXTargetDependency section */

/* Begin PBXVariantGroup section */
		F3451DE41AE8115600CD6D1F /* Main.storyboard */ = {
			isa = PBXVariantGroup;
			children = (
				F3451DE51AE8115600CD6D1F /* Base */,
			);
			name = Main.storyboard;
			sourceTree = "<group>";
		};
		F3451DE91AE8115700CD6D1F /* LaunchScreen.xib */ = {
			isa = PBXVariantGroup;
			children = (
				F3451DEA1AE8115700CD6D1F /* Base */,
			);
			name = LaunchScreen.xib;
			sourceTree = "<group>";
		};
/* End PBXVariantGroup section */

/* Begin XCBuildConfiguration section */
		F3451DF81AE8115700CD6D1F /* Debug */ = {
			isa = XCBuildConfiguration;
			buildSettings = {
				ALWAYS_SEARCH_USER_PATHS = NO;
				CLANG_CXX_LANGUAGE_STANDARD = "gnu++0x";
				CLANG_CXX_LIBRARY = "libc++";
				CLANG_ENABLE_MODULES = YES;
				CLANG_ENABLE_OBJC_ARC = YES;
				CLANG_WARN_BOOL_CONVERSION = YES;
				CLANG_WARN_CONSTANT_CONVERSION = YES;
				CLANG_WARN_DIRECT_OBJC_ISA_USAGE = YES_ERROR;
				CLANG_WARN_EMPTY_BODY = YES;
				CLANG_WARN_ENUM_CONVERSION = YES;
				CLANG_WARN_INT_CONVERSION = YES;
				CLANG_WARN_OBJC_ROOT_CLASS = YES_ERROR;
				CLANG_WARN_UNREACHABLE_CODE = YES;
				CLANG_WARN__DUPLICATE_METHOD_MATCH = YES;
				"CODE_SIGN_IDENTITY[sdk=iphoneos*]" = "iPhone Developer";
				COPY_PHASE_STRIP = NO;
				ENABLE_STRICT_OBJC_MSGSEND = YES;
				GCC_C_LANGUAGE_STANDARD = gnu99;
				GCC_DYNAMIC_NO_PIC = NO;
				GCC_OPTIMIZATION_LEVEL = 0;
				GCC_PREPROCESSOR_DEFINITIONS = (
					"DEBUG=1",
					"$(inherited)",
				);
				GCC_SYMBOLS_PRIVATE_EXTERN = NO;
				GCC_WARN_64_TO_32_BIT_CONVERSION = YES;
				GCC_WARN_ABOUT_RETURN_TYPE = YES_ERROR;
				GCC_WARN_UNDECLARED_SELECTOR = YES;
				GCC_WARN_UNINITIALIZED_AUTOS = YES_AGGRESSIVE;
				GCC_WARN_UNUSED_FUNCTION = YES;
				GCC_WARN_UNUSED_VARIABLE = YES;
				IPHONEOS_DEPLOYMENT_TARGET = 8.2;
				MTL_ENABLE_DEBUG_INFO = YES;
				ONLY_ACTIVE_ARCH = YES;
				SDKROOT = iphoneos;
				TARGETED_DEVICE_FAMILY = "1,2";
			};
			name = Debug;
		};
		F3451DF91AE8115700CD6D1F /* Release */ = {
			isa = XCBuildConfiguration;
			buildSettings = {
				ALWAYS_SEARCH_USER_PATHS = NO;
				CLANG_CXX_LANGUAGE_STANDARD = "gnu++0x";
				CLANG_CXX_LIBRARY = "libc++";
				CLANG_ENABLE_MODULES = YES;
				CLANG_ENABLE_OBJC_ARC = YES;
				CLANG_WARN_BOOL_CONVERSION = YES;
				CLANG_WARN_CONSTANT_CONVERSION = YES;
				CLANG_WARN_DIRECT_OBJC_ISA_USAGE = YES_ERROR;
				CLANG_WARN_EMPTY_BODY = YES;
				CLANG_WARN_ENUM_CONVERSION = YES;
				CLANG_WARN_INT_CONVERSION = YES;
				CLANG_WARN_OBJC_ROOT_CLASS = YES_ERROR;
				CLANG_WARN_UNREACHABLE_CODE = YES;
				CLANG_WARN__DUPLICATE_METHOD_MATCH = YES;
				"CODE_SIGN_IDENTITY[sdk=iphoneos*]" = "iPhone Developer";
				COPY_PHASE_STRIP = NO;
				ENABLE_NS_ASSERTIONS = NO;
				ENABLE_STRICT_OBJC_MSGSEND = YES;
				GCC_C_LANGUAGE_STANDARD = gnu99;
				GCC_WARN_64_TO_32_BIT_CONVERSION = YES;
				GCC_WARN_ABOUT_RETURN_TYPE = YES_ERROR;
				GCC_WARN_UNDECLARED_SELECTOR = YES;
				GCC_WARN_UNINITIALIZED_AUTOS = YES_AGGRESSIVE;
				GCC_WARN_UNUSED_FUNCTION = YES;
				GCC_WARN_UNUSED_VARIABLE = YES;
				IPHONEOS_DEPLOYMENT_TARGET = 8.2;
				MTL_ENABLE_DEBUG_INFO = NO;
				SDKROOT = iphoneos;
				TARGETED_DEVICE_FAMILY = "1,2";
				VALIDATE_PRODUCT = YES;
			};
			name = Release;
		};
		F3451DFB1AE8115700CD6D1F /* Debug */ = {
			isa = XCBuildConfiguration;
			buildSettings = {
				ASSETCATALOG_COMPILER_APPICON_NAME = AppIcon;
				INFOPLIST_FILE = 09.HumanFace/Info.plist;
				LD_RUNPATH_SEARCH_PATHS = "$(inherited) @executable_path/Frameworks";
				PRODUCT_NAME = "$(TARGET_NAME)";
			};
			name = Debug;
		};
		F3451DFC1AE8115700CD6D1F /* Release */ = {
			isa = XCBuildConfiguration;
			buildSettings = {
				ASSETCATALOG_COMPILER_APPICON_NAME = AppIcon;
				INFOPLIST_FILE = 09.HumanFace/Info.plist;
				LD_RUNPATH_SEARCH_PATHS = "$(inherited) @executable_path/Frameworks";
				PRODUCT_NAME = "$(TARGET_NAME)";
			};
			name = Release;
		};
		F3451DFE1AE8115700CD6D1F /* Debug */ = {
			isa = XCBuildConfiguration;
			buildSettings = {
				BUNDLE_LOADER = "$(TEST_HOST)";
				FRAMEWORK_SEARCH_PATHS = (
					"$(SDKROOT)/Developer/Library/Frameworks",
					"$(inherited)",
				);
				GCC_PREPROCESSOR_DEFINITIONS = (
					"DEBUG=1",
					"$(inherited)",
				);
				INFOPLIST_FILE = 09.HumanFaceTests/Info.plist;
				LD_RUNPATH_SEARCH_PATHS = "$(inherited) @executable_path/Frameworks @loader_path/Frameworks";
				PRODUCT_NAME = "$(TARGET_NAME)";
				TEST_HOST = "$(BUILT_PRODUCTS_DIR)/09.HumanFace.app/09.HumanFace";
			};
			name = Debug;
		};
		F3451DFF1AE8115700CD6D1F /* Release */ = {
			isa = XCBuildConfiguration;
			buildSettings = {
				BUNDLE_LOADER = "$(TEST_HOST)";
				FRAMEWORK_SEARCH_PATHS = (
					"$(SDKROOT)/Developer/Library/Frameworks",
					"$(inherited)",
				);
				INFOPLIST_FILE = 09.HumanFaceTests/Info.plist;
				LD_RUNPATH_SEARCH_PATHS = "$(inherited) @executable_path/Frameworks @loader_path/Frameworks";
				PRODUCT_NAME = "$(TARGET_NAME)";
				TEST_HOST = "$(BUILT_PRODUCTS_DIR)/09.HumanFace.app/09.HumanFace";
			};
			name = Release;
		};
/* End XCBuildConfiguration section */

/* Begin XCConfigurationList section */
		F3451DD21AE8115600CD6D1F /* Build configuration list for PBXProject "09.HumanFace" */ = {
			isa = XCConfigurationList;
			buildConfigurations = (
				F3451DF81AE8115700CD6D1F /* Debug */,
				F3451DF91AE8115700CD6D1F /* Release */,
			);
			defaultConfigurationIsVisible = 0;
			defaultConfigurationName = Release;
		};
		F3451DFA1AE8115700CD6D1F /* Build configuration list for PBXNativeTarget "09.HumanFace" */ = {
			isa = XCConfigurationList;
			buildConfigurations = (
				F3451DFB1AE8115700CD6D1F /* Debug */,
				F3451DFC1AE8115700CD6D1F /* Release */,
			);
			defaultConfigurationIsVisible = 0;
		};
		F3451DFD1AE8115700CD6D1F /* Build configuration list for PBXNativeTarget "09.HumanFaceTests" */ = {
			isa = XCConfigurationList;
			buildConfigurations = (
				F3451DFE1AE8115700CD6D1F /* Debug */,
				F3451DFF1AE8115700CD6D1F /* Release */,
			);
			defaultConfigurationIsVisible = 0;
		};
/* End XCConfigurationList section */
	};
	rootObject = F3451DCF1AE8115600CD6D1F /* Project object */;
}
